// !$*UTF8*$!
{
	archiveVersion = 1;
	classes = {
	};
	objectVersion = 46;
	objects = {

/* Begin PBXBuildFile section */
		B65F59E219823E95004D21C8 /* compare.c in Sources */ = {isa = PBXBuildFile; fileRef = B65F599219823E95004D21C8 /* compare.c */; };
		B65F59E319823E95004D21C8 /* curve_sigs.c in Sources */ = {isa = PBXBuildFile; fileRef = B65F599419823E95004D21C8 /* curve_sigs.c */; };
		B65F59E419823E95004D21C8 /* sha512.c in Sources */ = {isa = PBXBuildFile; fileRef = B65F599619823E95004D21C8 /* sha512.c */; };
		B65F59E519823E95004D21C8 /* sign_modified.c in Sources */ = {isa = PBXBuildFile; fileRef = B65F599819823E95004D21C8 /* sign_modified.c */; };
		B65F59E619823E95004D21C8 /* zeroize.c in Sources */ = {isa = PBXBuildFile; fileRef = B65F599919823E95004D21C8 /* zeroize.c */; };
		B65F59E719823E95004D21C8 /* fe_0.c in Sources */ = {isa = PBXBuildFile; fileRef = B65F59A119823E95004D21C8 /* fe_0.c */; };
		B65F59E819823E95004D21C8 /* fe_1.c in Sources */ = {isa = PBXBuildFile; fileRef = B65F59A219823E95004D21C8 /* fe_1.c */; };
		B65F59E919823E95004D21C8 /* fe_add.c in Sources */ = {isa = PBXBuildFile; fileRef = B65F59A319823E95004D21C8 /* fe_add.c */; };
		B65F59EA19823E95004D21C8 /* fe_cmov.c in Sources */ = {isa = PBXBuildFile; fileRef = B65F59A419823E95004D21C8 /* fe_cmov.c */; };
		B65F59EB19823E95004D21C8 /* fe_copy.c in Sources */ = {isa = PBXBuildFile; fileRef = B65F59A519823E95004D21C8 /* fe_copy.c */; };
		B65F59EC19823E95004D21C8 /* fe_frombytes.c in Sources */ = {isa = PBXBuildFile; fileRef = B65F59A619823E95004D21C8 /* fe_frombytes.c */; };
		B65F59ED19823E95004D21C8 /* fe_invert.c in Sources */ = {isa = PBXBuildFile; fileRef = B65F59A719823E95004D21C8 /* fe_invert.c */; };
		B65F59EE19823E95004D21C8 /* fe_isnegative.c in Sources */ = {isa = PBXBuildFile; fileRef = B65F59A819823E95004D21C8 /* fe_isnegative.c */; };
		B65F59EF19823E95004D21C8 /* fe_isnonzero.c in Sources */ = {isa = PBXBuildFile; fileRef = B65F59A919823E95004D21C8 /* fe_isnonzero.c */; };
		B65F59F019823E95004D21C8 /* fe_mul.c in Sources */ = {isa = PBXBuildFile; fileRef = B65F59AA19823E95004D21C8 /* fe_mul.c */; };
		B65F59F119823E95004D21C8 /* fe_neg.c in Sources */ = {isa = PBXBuildFile; fileRef = B65F59AB19823E95004D21C8 /* fe_neg.c */; };
		B65F59F219823E95004D21C8 /* fe_pow22523.c in Sources */ = {isa = PBXBuildFile; fileRef = B65F59AC19823E95004D21C8 /* fe_pow22523.c */; };
		B65F59F319823E95004D21C8 /* fe_sq.c in Sources */ = {isa = PBXBuildFile; fileRef = B65F59AD19823E95004D21C8 /* fe_sq.c */; };
		B65F59F419823E95004D21C8 /* fe_sq2.c in Sources */ = {isa = PBXBuildFile; fileRef = B65F59AE19823E95004D21C8 /* fe_sq2.c */; };
		B65F59F519823E95004D21C8 /* fe_sub.c in Sources */ = {isa = PBXBuildFile; fileRef = B65F59AF19823E95004D21C8 /* fe_sub.c */; };
		B65F59F619823E95004D21C8 /* fe_tobytes.c in Sources */ = {isa = PBXBuildFile; fileRef = B65F59B019823E95004D21C8 /* fe_tobytes.c */; };
		B65F59F719823E95004D21C8 /* ge_add.c in Sources */ = {isa = PBXBuildFile; fileRef = B65F59B219823E95004D21C8 /* ge_add.c */; };
		B65F59F819823E95004D21C8 /* ge_double_scalarmult.c in Sources */ = {isa = PBXBuildFile; fileRef = B65F59B419823E95004D21C8 /* ge_double_scalarmult.c */; };
		B65F59F919823E95004D21C8 /* ge_frombytes.c in Sources */ = {isa = PBXBuildFile; fileRef = B65F59B519823E95004D21C8 /* ge_frombytes.c */; };
		B65F59FA19823E95004D21C8 /* ge_madd.c in Sources */ = {isa = PBXBuildFile; fileRef = B65F59B619823E95004D21C8 /* ge_madd.c */; };
		B65F59FB19823E95004D21C8 /* ge_msub.c in Sources */ = {isa = PBXBuildFile; fileRef = B65F59B819823E95004D21C8 /* ge_msub.c */; };
		B65F59FC19823E95004D21C8 /* ge_p1p1_to_p2.c in Sources */ = {isa = PBXBuildFile; fileRef = B65F59BA19823E95004D21C8 /* ge_p1p1_to_p2.c */; };
		B65F59FD19823E95004D21C8 /* ge_p1p1_to_p3.c in Sources */ = {isa = PBXBuildFile; fileRef = B65F59BB19823E95004D21C8 /* ge_p1p1_to_p3.c */; };
		B65F59FE19823E95004D21C8 /* ge_p2_0.c in Sources */ = {isa = PBXBuildFile; fileRef = B65F59BC19823E95004D21C8 /* ge_p2_0.c */; };
		B65F59FF19823E95004D21C8 /* ge_p2_dbl.c in Sources */ = {isa = PBXBuildFile; fileRef = B65F59BD19823E95004D21C8 /* ge_p2_dbl.c */; };
		B65F5A0019823E95004D21C8 /* ge_p3_0.c in Sources */ = {isa = PBXBuildFile; fileRef = B65F59BF19823E95004D21C8 /* ge_p3_0.c */; };
		B65F5A0119823E95004D21C8 /* ge_p3_dbl.c in Sources */ = {isa = PBXBuildFile; fileRef = B65F59C019823E95004D21C8 /* ge_p3_dbl.c */; };
		B65F5A0219823E95004D21C8 /* ge_p3_to_cached.c in Sources */ = {isa = PBXBuildFile; fileRef = B65F59C119823E95004D21C8 /* ge_p3_to_cached.c */; };
		B65F5A0319823E95004D21C8 /* ge_p3_to_p2.c in Sources */ = {isa = PBXBuildFile; fileRef = B65F59C219823E95004D21C8 /* ge_p3_to_p2.c */; };
		B65F5A0419823E95004D21C8 /* ge_p3_tobytes.c in Sources */ = {isa = PBXBuildFile; fileRef = B65F59C319823E95004D21C8 /* ge_p3_tobytes.c */; };
		B65F5A0519823E95004D21C8 /* ge_precomp_0.c in Sources */ = {isa = PBXBuildFile; fileRef = B65F59C419823E95004D21C8 /* ge_precomp_0.c */; };
		B65F5A0619823E95004D21C8 /* ge_scalarmult_base.c in Sources */ = {isa = PBXBuildFile; fileRef = B65F59C519823E95004D21C8 /* ge_scalarmult_base.c */; };
		B65F5A0719823E95004D21C8 /* ge_sub.c in Sources */ = {isa = PBXBuildFile; fileRef = B65F59C619823E95004D21C8 /* ge_sub.c */; };
		B65F5A0819823E95004D21C8 /* ge_tobytes.c in Sources */ = {isa = PBXBuildFile; fileRef = B65F59C819823E95004D21C8 /* ge_tobytes.c */; };
		B65F5A0A19823E95004D21C8 /* open.c in Sources */ = {isa = PBXBuildFile; fileRef = B65F59D419823E95004D21C8 /* open.c */; };
		B65F5A0B19823E95004D21C8 /* sc_muladd.c in Sources */ = {isa = PBXBuildFile; fileRef = B65F59D819823E95004D21C8 /* sc_muladd.c */; };
		B65F5A0C19823E95004D21C8 /* sc_reduce.c in Sources */ = {isa = PBXBuildFile; fileRef = B65F59D919823E95004D21C8 /* sc_reduce.c */; };
		B65F5A0D19823E95004D21C8 /* LICENSE.txt in Resources */ = {isa = PBXBuildFile; fileRef = B65F59DB19823E95004D21C8 /* LICENSE.txt */; };
		B65F5A0F19823E95004D21C8 /* sha2big.c in Sources */ = {isa = PBXBuildFile; fileRef = B65F59DD19823E95004D21C8 /* sha2big.c */; };
		B65F5A1019823E95004D21C8 /* sign.c in Sources */ = {isa = PBXBuildFile; fileRef = B65F59E019823E95004D21C8 /* sign.c */; };
		B65F5A1219823F45004D21C8 /* SigningTests.m in Sources */ = {isa = PBXBuildFile; fileRef = B65F5A1119823F45004D21C8 /* SigningTests.m */; };
		B6EC095A197F559E0070F844 /* Foundation.framework in Frameworks */ = {isa = PBXBuildFile; fileRef = B6EC0959197F559E0070F844 /* Foundation.framework */; };
		B6EC095C197F559E0070F844 /* CoreGraphics.framework in Frameworks */ = {isa = PBXBuildFile; fileRef = B6EC095B197F559E0070F844 /* CoreGraphics.framework */; };
		B6EC095E197F559E0070F844 /* UIKit.framework in Frameworks */ = {isa = PBXBuildFile; fileRef = B6EC095D197F559E0070F844 /* UIKit.framework */; };
		B6EC0964197F559E0070F844 /* InfoPlist.strings in Resources */ = {isa = PBXBuildFile; fileRef = B6EC0962197F559E0070F844 /* InfoPlist.strings */; };
		B6EC0966197F559E0070F844 /* main.m in Sources */ = {isa = PBXBuildFile; fileRef = B6EC0965197F559E0070F844 /* main.m */; };
		B6EC096A197F559E0070F844 /* AppDelegate.m in Sources */ = {isa = PBXBuildFile; fileRef = B6EC0969197F559E0070F844 /* AppDelegate.m */; };
		B6EC096C197F559E0070F844 /* Images.xcassets in Resources */ = {isa = PBXBuildFile; fileRef = B6EC096B197F559E0070F844 /* Images.xcassets */; };
		B6EC0973197F559E0070F844 /* XCTest.framework in Frameworks */ = {isa = PBXBuildFile; fileRef = B6EC0972197F559E0070F844 /* XCTest.framework */; };
		B6EC0974197F559E0070F844 /* Foundation.framework in Frameworks */ = {isa = PBXBuildFile; fileRef = B6EC0959197F559E0070F844 /* Foundation.framework */; };
		B6EC0975197F559E0070F844 /* UIKit.framework in Frameworks */ = {isa = PBXBuildFile; fileRef = B6EC095D197F559E0070F844 /* UIKit.framework */; };
		B6EC097D197F559E0070F844 /* InfoPlist.strings in Resources */ = {isa = PBXBuildFile; fileRef = B6EC097B197F559E0070F844 /* InfoPlist.strings */; };
		B6EC09DA197F55B90070F844 /* curve25519-donna.c in Sources */ = {isa = PBXBuildFile; fileRef = B6EC0989197F55B90070F844 /* curve25519-donna.c */; };
		B6EC0A0B197F55E70070F844 /* Curve25519.m in Sources */ = {isa = PBXBuildFile; fileRef = B6EC0A0A197F55E70070F844 /* Curve25519.m */; };
		B6EC0A0E197F5B1E0070F844 /* Randomness.m in Sources */ = {isa = PBXBuildFile; fileRef = B6EC0A0D197F5B1E0070F844 /* Randomness.m */; };
		B6EC0B0F197F652A0070F844 /* Ed25519.m in Sources */ = {isa = PBXBuildFile; fileRef = B6EC0B0E197F652A0070F844 /* Ed25519.m */; };
/* End PBXBuildFile section */

/* Begin PBXContainerItemProxy section */
		B6EC0976197F559E0070F844 /* PBXContainerItemProxy */ = {
			isa = PBXContainerItemProxy;
			containerPortal = B6EC094E197F559E0070F844 /* Project object */;
			proxyType = 1;
			remoteGlobalIDString = B6EC0955197F559E0070F844;
			remoteInfo = BuildTests;
		};
/* End PBXContainerItemProxy section */

/* Begin PBXFileReference section */
		B65F599219823E95004D21C8 /* compare.c */ = {isa = PBXFileReference; fileEncoding = 4; lastKnownFileType = sourcecode.c.c; path = compare.c; sourceTree = "<group>"; };
		B65F599319823E95004D21C8 /* compare.h */ = {isa = PBXFileReference; fileEncoding = 4; lastKnownFileType = sourcecode.c.h; path = compare.h; sourceTree = "<group>"; };
		B65F599419823E95004D21C8 /* curve_sigs.c */ = {isa = PBXFileReference; fileEncoding = 4; lastKnownFileType = sourcecode.c.c; path = curve_sigs.c; sourceTree = "<group>"; };
		B65F599519823E95004D21C8 /* curve_sigs.h */ = {isa = PBXFileReference; fileEncoding = 4; lastKnownFileType = sourcecode.c.h; path = curve_sigs.h; sourceTree = "<group>"; };
		B65F599619823E95004D21C8 /* sha512.c */ = {isa = PBXFileReference; fileEncoding = 4; lastKnownFileType = sourcecode.c.c; path = sha512.c; sourceTree = "<group>"; };
		B65F599719823E95004D21C8 /* sha512.h */ = {isa = PBXFileReference; fileEncoding = 4; lastKnownFileType = sourcecode.c.h; path = sha512.h; sourceTree = "<group>"; };
		B65F599819823E95004D21C8 /* sign_modified.c */ = {isa = PBXFileReference; fileEncoding = 4; lastKnownFileType = sourcecode.c.c; path = sign_modified.c; sourceTree = "<group>"; };
		B65F599919823E95004D21C8 /* zeroize.c */ = {isa = PBXFileReference; fileEncoding = 4; lastKnownFileType = sourcecode.c.c; path = zeroize.c; sourceTree = "<group>"; };
		B65F599A19823E95004D21C8 /* zeroize.h */ = {isa = PBXFileReference; fileEncoding = 4; lastKnownFileType = sourcecode.c.h; path = zeroize.h; sourceTree = "<group>"; };
		B65F599B19823E95004D21C8 /* api.h */ = {isa = PBXFileReference; fileEncoding = 4; lastKnownFileType = sourcecode.c.h; path = api.h; sourceTree = "<group>"; };
		B65F599C19823E95004D21C8 /* base.h */ = {isa = PBXFileReference; fileEncoding = 4; lastKnownFileType = sourcecode.c.h; path = base.h; sourceTree = "<group>"; };
		B65F599D19823E95004D21C8 /* base2.h */ = {isa = PBXFileReference; fileEncoding = 4; lastKnownFileType = sourcecode.c.h; path = base2.h; sourceTree = "<group>"; };
		B65F599E19823E95004D21C8 /* d.h */ = {isa = PBXFileReference; fileEncoding = 4; lastKnownFileType = sourcecode.c.h; path = d.h; sourceTree = "<group>"; };
		B65F599F19823E95004D21C8 /* d2.h */ = {isa = PBXFileReference; fileEncoding = 4; lastKnownFileType = sourcecode.c.h; path = d2.h; sourceTree = "<group>"; };
		B65F59A019823E95004D21C8 /* fe.h */ = {isa = PBXFileReference; fileEncoding = 4; lastKnownFileType = sourcecode.c.h; path = fe.h; sourceTree = "<group>"; };
		B65F59A119823E95004D21C8 /* fe_0.c */ = {isa = PBXFileReference; fileEncoding = 4; lastKnownFileType = sourcecode.c.c; path = fe_0.c; sourceTree = "<group>"; };
		B65F59A219823E95004D21C8 /* fe_1.c */ = {isa = PBXFileReference; fileEncoding = 4; lastKnownFileType = sourcecode.c.c; path = fe_1.c; sourceTree = "<group>"; };
		B65F59A319823E95004D21C8 /* fe_add.c */ = {isa = PBXFileReference; fileEncoding = 4; lastKnownFileType = sourcecode.c.c; path = fe_add.c; sourceTree = "<group>"; };
		B65F59A419823E95004D21C8 /* fe_cmov.c */ = {isa = PBXFileReference; fileEncoding = 4; lastKnownFileType = sourcecode.c.c; path = fe_cmov.c; sourceTree = "<group>"; };
		B65F59A519823E95004D21C8 /* fe_copy.c */ = {isa = PBXFileReference; fileEncoding = 4; lastKnownFileType = sourcecode.c.c; path = fe_copy.c; sourceTree = "<group>"; };
		B65F59A619823E95004D21C8 /* fe_frombytes.c */ = {isa = PBXFileReference; fileEncoding = 4; lastKnownFileType = sourcecode.c.c; path = fe_frombytes.c; sourceTree = "<group>"; };
		B65F59A719823E95004D21C8 /* fe_invert.c */ = {isa = PBXFileReference; fileEncoding = 4; lastKnownFileType = sourcecode.c.c; path = fe_invert.c; sourceTree = "<group>"; };
		B65F59A819823E95004D21C8 /* fe_isnegative.c */ = {isa = PBXFileReference; fileEncoding = 4; lastKnownFileType = sourcecode.c.c; path = fe_isnegative.c; sourceTree = "<group>"; };
		B65F59A919823E95004D21C8 /* fe_isnonzero.c */ = {isa = PBXFileReference; fileEncoding = 4; lastKnownFileType = sourcecode.c.c; path = fe_isnonzero.c; sourceTree = "<group>"; };
		B65F59AA19823E95004D21C8 /* fe_mul.c */ = {isa = PBXFileReference; fileEncoding = 4; lastKnownFileType = sourcecode.c.c; path = fe_mul.c; sourceTree = "<group>"; };
		B65F59AB19823E95004D21C8 /* fe_neg.c */ = {isa = PBXFileReference; fileEncoding = 4; lastKnownFileType = sourcecode.c.c; path = fe_neg.c; sourceTree = "<group>"; };
		B65F59AC19823E95004D21C8 /* fe_pow22523.c */ = {isa = PBXFileReference; fileEncoding = 4; lastKnownFileType = sourcecode.c.c; path = fe_pow22523.c; sourceTree = "<group>"; };
		B65F59AD19823E95004D21C8 /* fe_sq.c */ = {isa = PBXFileReference; fileEncoding = 4; lastKnownFileType = sourcecode.c.c; path = fe_sq.c; sourceTree = "<group>"; };
		B65F59AE19823E95004D21C8 /* fe_sq2.c */ = {isa = PBXFileReference; fileEncoding = 4; lastKnownFileType = sourcecode.c.c; path = fe_sq2.c; sourceTree = "<group>"; };
		B65F59AF19823E95004D21C8 /* fe_sub.c */ = {isa = PBXFileReference; fileEncoding = 4; lastKnownFileType = sourcecode.c.c; path = fe_sub.c; sourceTree = "<group>"; };
		B65F59B019823E95004D21C8 /* fe_tobytes.c */ = {isa = PBXFileReference; fileEncoding = 4; lastKnownFileType = sourcecode.c.c; path = fe_tobytes.c; sourceTree = "<group>"; };
		B65F59B119823E95004D21C8 /* ge.h */ = {isa = PBXFileReference; fileEncoding = 4; lastKnownFileType = sourcecode.c.h; path = ge.h; sourceTree = "<group>"; };
		B65F59B219823E95004D21C8 /* ge_add.c */ = {isa = PBXFileReference; fileEncoding = 4; lastKnownFileType = sourcecode.c.c; path = ge_add.c; sourceTree = "<group>"; };
		B65F59B319823E95004D21C8 /* ge_add.h */ = {isa = PBXFileReference; fileEncoding = 4; lastKnownFileType = sourcecode.c.h; path = ge_add.h; sourceTree = "<group>"; };
		B65F59B419823E95004D21C8 /* ge_double_scalarmult.c */ = {isa = PBXFileReference; fileEncoding = 4; lastKnownFileType = sourcecode.c.c; path = ge_double_scalarmult.c; sourceTree = "<group>"; };
		B65F59B519823E95004D21C8 /* ge_frombytes.c */ = {isa = PBXFileReference; fileEncoding = 4; lastKnownFileType = sourcecode.c.c; path = ge_frombytes.c; sourceTree = "<group>"; };
		B65F59B619823E95004D21C8 /* ge_madd.c */ = {isa = PBXFileReference; fileEncoding = 4; lastKnownFileType = sourcecode.c.c; path = ge_madd.c; sourceTree = "<group>"; };
		B65F59B719823E95004D21C8 /* ge_madd.h */ = {isa = PBXFileReference; fileEncoding = 4; lastKnownFileType = sourcecode.c.h; path = ge_madd.h; sourceTree = "<group>"; };
		B65F59B819823E95004D21C8 /* ge_msub.c */ = {isa = PBXFileReference; fileEncoding = 4; lastKnownFileType = sourcecode.c.c; path = ge_msub.c; sourceTree = "<group>"; };
		B65F59B919823E95004D21C8 /* ge_msub.h */ = {isa = PBXFileReference; fileEncoding = 4; lastKnownFileType = sourcecode.c.h; path = ge_msub.h; sourceTree = "<group>"; };
		B65F59BA19823E95004D21C8 /* ge_p1p1_to_p2.c */ = {isa = PBXFileReference; fileEncoding = 4; lastKnownFileType = sourcecode.c.c; path = ge_p1p1_to_p2.c; sourceTree = "<group>"; };
		B65F59BB19823E95004D21C8 /* ge_p1p1_to_p3.c */ = {isa = PBXFileReference; fileEncoding = 4; lastKnownFileType = sourcecode.c.c; path = ge_p1p1_to_p3.c; sourceTree = "<group>"; };
		B65F59BC19823E95004D21C8 /* ge_p2_0.c */ = {isa = PBXFileReference; fileEncoding = 4; lastKnownFileType = sourcecode.c.c; path = ge_p2_0.c; sourceTree = "<group>"; };
		B65F59BD19823E95004D21C8 /* ge_p2_dbl.c */ = {isa = PBXFileReference; fileEncoding = 4; lastKnownFileType = sourcecode.c.c; path = ge_p2_dbl.c; sourceTree = "<group>"; };
		B65F59BE19823E95004D21C8 /* ge_p2_dbl.h */ = {isa = PBXFileReference; fileEncoding = 4; lastKnownFileType = sourcecode.c.h; path = ge_p2_dbl.h; sourceTree = "<group>"; };
		B65F59BF19823E95004D21C8 /* ge_p3_0.c */ = {isa = PBXFileReference; fileEncoding = 4; lastKnownFileType = sourcecode.c.c; path = ge_p3_0.c; sourceTree = "<group>"; };
		B65F59C019823E95004D21C8 /* ge_p3_dbl.c */ = {isa = PBXFileReference; fileEncoding = 4; lastKnownFileType = sourcecode.c.c; path = ge_p3_dbl.c; sourceTree = "<group>"; };
		B65F59C119823E95004D21C8 /* ge_p3_to_cached.c */ = {isa = PBXFileReference; fileEncoding = 4; lastKnownFileType = sourcecode.c.c; path = ge_p3_to_cached.c; sourceTree = "<group>"; };
		B65F59C219823E95004D21C8 /* ge_p3_to_p2.c */ = {isa = PBXFileReference; fileEncoding = 4; lastKnownFileType = sourcecode.c.c; path = ge_p3_to_p2.c; sourceTree = "<group>"; };
		B65F59C319823E95004D21C8 /* ge_p3_tobytes.c */ = {isa = PBXFileReference; fileEncoding = 4; lastKnownFileType = sourcecode.c.c; path = ge_p3_tobytes.c; sourceTree = "<group>"; };
		B65F59C419823E95004D21C8 /* ge_precomp_0.c */ = {isa = PBXFileReference; fileEncoding = 4; lastKnownFileType = sourcecode.c.c; path = ge_precomp_0.c; sourceTree = "<group>"; };
		B65F59C519823E95004D21C8 /* ge_scalarmult_base.c */ = {isa = PBXFileReference; fileEncoding = 4; lastKnownFileType = sourcecode.c.c; path = ge_scalarmult_base.c; sourceTree = "<group>"; };
		B65F59C619823E95004D21C8 /* ge_sub.c */ = {isa = PBXFileReference; fileEncoding = 4; lastKnownFileType = sourcecode.c.c; path = ge_sub.c; sourceTree = "<group>"; };
		B65F59C719823E95004D21C8 /* ge_sub.h */ = {isa = PBXFileReference; fileEncoding = 4; lastKnownFileType = sourcecode.c.h; path = ge_sub.h; sourceTree = "<group>"; };
		B65F59C819823E95004D21C8 /* ge_tobytes.c */ = {isa = PBXFileReference; fileEncoding = 4; lastKnownFileType = sourcecode.c.c; path = ge_tobytes.c; sourceTree = "<group>"; };
		B65F59CC19823E95004D21C8 /* crypto_hash_sha512.h */ = {isa = PBXFileReference; fileEncoding = 4; lastKnownFileType = sourcecode.c.h; path = crypto_hash_sha512.h; sourceTree = "<group>"; };
		B65F59CD19823E95004D21C8 /* crypto_int32.h */ = {isa = PBXFileReference; fileEncoding = 4; lastKnownFileType = sourcecode.c.h; path = crypto_int32.h; sourceTree = "<group>"; };
		B65F59CE19823E95004D21C8 /* crypto_int64.h */ = {isa = PBXFileReference; fileEncoding = 4; lastKnownFileType = sourcecode.c.h; path = crypto_int64.h; sourceTree = "<group>"; };
		B65F59CF19823E95004D21C8 /* crypto_sign.h */ = {isa = PBXFileReference; fileEncoding = 4; lastKnownFileType = sourcecode.c.h; path = crypto_sign.h; sourceTree = "<group>"; };
		B65F59D019823E95004D21C8 /* crypto_sign_edwards25519sha512batch.h */ = {isa = PBXFileReference; fileEncoding = 4; lastKnownFileType = sourcecode.c.h; path = crypto_sign_edwards25519sha512batch.h; sourceTree = "<group>"; };
		B65F59D119823E95004D21C8 /* crypto_uint32.h */ = {isa = PBXFileReference; fileEncoding = 4; lastKnownFileType = sourcecode.c.h; path = crypto_uint32.h; sourceTree = "<group>"; };
		B65F59D219823E95004D21C8 /* crypto_uint64.h */ = {isa = PBXFileReference; fileEncoding = 4; lastKnownFileType = sourcecode.c.h; path = crypto_uint64.h; sourceTree = "<group>"; };
		B65F59D319823E95004D21C8 /* crypto_verify_32.h */ = {isa = PBXFileReference; fileEncoding = 4; lastKnownFileType = sourcecode.c.h; path = crypto_verify_32.h; sourceTree = "<group>"; };
		B65F59D419823E95004D21C8 /* open.c */ = {isa = PBXFileReference; fileEncoding = 4; lastKnownFileType = sourcecode.c.c; path = open.c; sourceTree = "<group>"; };
		B65F59D519823E95004D21C8 /* pow22523.h */ = {isa = PBXFileReference; fileEncoding = 4; lastKnownFileType = sourcecode.c.h; path = pow22523.h; sourceTree = "<group>"; };
		B65F59D619823E95004D21C8 /* pow225521.h */ = {isa = PBXFileReference; fileEncoding = 4; lastKnownFileType = sourcecode.c.h; path = pow225521.h; sourceTree = "<group>"; };
		B65F59D719823E95004D21C8 /* sc.h */ = {isa = PBXFileReference; fileEncoding = 4; lastKnownFileType = sourcecode.c.h; path = sc.h; sourceTree = "<group>"; };
		B65F59D819823E95004D21C8 /* sc_muladd.c */ = {isa = PBXFileReference; fileEncoding = 4; lastKnownFileType = sourcecode.c.c; path = sc_muladd.c; sourceTree = "<group>"; };
		B65F59D919823E95004D21C8 /* sc_reduce.c */ = {isa = PBXFileReference; fileEncoding = 4; lastKnownFileType = sourcecode.c.c; path = sc_reduce.c; sourceTree = "<group>"; };
		B65F59DB19823E95004D21C8 /* LICENSE.txt */ = {isa = PBXFileReference; fileEncoding = 4; lastKnownFileType = text; path = LICENSE.txt; sourceTree = "<group>"; };
		B65F59DD19823E95004D21C8 /* sha2big.c */ = {isa = PBXFileReference; fileEncoding = 4; lastKnownFileType = sourcecode.c.c; path = sha2big.c; sourceTree = "<group>"; };
		B65F59DE19823E95004D21C8 /* sph_sha2.h */ = {isa = PBXFileReference; fileEncoding = 4; lastKnownFileType = sourcecode.c.h; path = sph_sha2.h; sourceTree = "<group>"; };
		B65F59DF19823E95004D21C8 /* sph_types.h */ = {isa = PBXFileReference; fileEncoding = 4; lastKnownFileType = sourcecode.c.h; path = sph_types.h; sourceTree = "<group>"; };
		B65F59E019823E95004D21C8 /* sign.c */ = {isa = PBXFileReference; fileEncoding = 4; lastKnownFileType = sourcecode.c.c; path = sign.c; sourceTree = "<group>"; };
		B65F59E119823E95004D21C8 /* sqrtm1.h */ = {isa = PBXFileReference; fileEncoding = 4; lastKnownFileType = sourcecode.c.h; path = sqrtm1.h; sourceTree = "<group>"; };
		B65F5A1119823F45004D21C8 /* SigningTests.m */ = {isa = PBXFileReference; fileEncoding = 4; lastKnownFileType = sourcecode.c.objc; path = SigningTests.m; sourceTree = "<group>"; };
		B6EC0956197F559E0070F844 /* BuildTests.app */ = {isa = PBXFileReference; explicitFileType = wrapper.application; includeInIndex = 0; path = BuildTests.app; sourceTree = BUILT_PRODUCTS_DIR; };
		B6EC0959197F559E0070F844 /* Foundation.framework */ = {isa = PBXFileReference; lastKnownFileType = wrapper.framework; name = Foundation.framework; path = System/Library/Frameworks/Foundation.framework; sourceTree = SDKROOT; };
		B6EC095B197F559E0070F844 /* CoreGraphics.framework */ = {isa = PBXFileReference; lastKnownFileType = wrapper.framework; name = CoreGraphics.framework; path = System/Library/Frameworks/CoreGraphics.framework; sourceTree = SDKROOT; };
		B6EC095D197F559E0070F844 /* UIKit.framework */ = {isa = PBXFileReference; lastKnownFileType = wrapper.framework; name = UIKit.framework; path = System/Library/Frameworks/UIKit.framework; sourceTree = SDKROOT; };
		B6EC0961197F559E0070F844 /* BuildTests-Info.plist */ = {isa = PBXFileReference; lastKnownFileType = text.plist.xml; path = "BuildTests-Info.plist"; sourceTree = "<group>"; };
		B6EC0963197F559E0070F844 /* en */ = {isa = PBXFileReference; lastKnownFileType = text.plist.strings; name = en; path = en.lproj/InfoPlist.strings; sourceTree = "<group>"; };
		B6EC0965197F559E0070F844 /* main.m */ = {isa = PBXFileReference; lastKnownFileType = sourcecode.c.objc; path = main.m; sourceTree = "<group>"; };
		B6EC0967197F559E0070F844 /* BuildTests-Prefix.pch */ = {isa = PBXFileReference; lastKnownFileType = sourcecode.c.h; path = "BuildTests-Prefix.pch"; sourceTree = "<group>"; };
		B6EC0968197F559E0070F844 /* AppDelegate.h */ = {isa = PBXFileReference; lastKnownFileType = sourcecode.c.h; path = AppDelegate.h; sourceTree = "<group>"; };
		B6EC0969197F559E0070F844 /* AppDelegate.m */ = {isa = PBXFileReference; lastKnownFileType = sourcecode.c.objc; path = AppDelegate.m; sourceTree = "<group>"; };
		B6EC096B197F559E0070F844 /* Images.xcassets */ = {isa = PBXFileReference; lastKnownFileType = folder.assetcatalog; path = Images.xcassets; sourceTree = "<group>"; };
		B6EC0971197F559E0070F844 /* BuildTestsTests.xctest */ = {isa = PBXFileReference; explicitFileType = wrapper.cfbundle; includeInIndex = 0; path = BuildTestsTests.xctest; sourceTree = BUILT_PRODUCTS_DIR; };
		B6EC0972197F559E0070F844 /* XCTest.framework */ = {isa = PBXFileReference; lastKnownFileType = wrapper.framework; name = XCTest.framework; path = Library/Frameworks/XCTest.framework; sourceTree = DEVELOPER_DIR; };
		B6EC097A197F559E0070F844 /* BuildTestsTests-Info.plist */ = {isa = PBXFileReference; lastKnownFileType = text.plist.xml; path = "BuildTestsTests-Info.plist"; sourceTree = "<group>"; };
		B6EC097C197F559E0070F844 /* en */ = {isa = PBXFileReference; lastKnownFileType = text.plist.strings; name = en; path = en.lproj/InfoPlist.strings; sourceTree = "<group>"; };
		B6EC0989197F55B90070F844 /* curve25519-donna.c */ = {isa = PBXFileReference; fileEncoding = 4; lastKnownFileType = sourcecode.c.c; path = "curve25519-donna.c"; sourceTree = "<group>"; };
		B6EC0A09197F55E70070F844 /* Curve25519.h */ = {isa = PBXFileReference; fileEncoding = 4; lastKnownFileType = sourcecode.c.h; name = Curve25519.h; path = ../../Classes/Curve25519.h; sourceTree = "<group>"; };
		B6EC0A0A197F55E70070F844 /* Curve25519.m */ = {isa = PBXFileReference; fileEncoding = 4; lastKnownFileType = sourcecode.c.objc; name = Curve25519.m; path = ../../Classes/Curve25519.m; sourceTree = "<group>"; };
		B6EC0A0C197F5B1E0070F844 /* Randomness.h */ = {isa = PBXFileReference; fileEncoding = 4; lastKnownFileType = sourcecode.c.h; name = Randomness.h; path = ../../Classes/Randomness.h; sourceTree = "<group>"; };
		B6EC0A0D197F5B1E0070F844 /* Randomness.m */ = {isa = PBXFileReference; fileEncoding = 4; lastKnownFileType = sourcecode.c.objc; name = Randomness.m; path = ../../Classes/Randomness.m; sourceTree = "<group>"; };
		B6EC0B0D197F652A0070F844 /* Ed25519.h */ = {isa = PBXFileReference; fileEncoding = 4; lastKnownFileType = sourcecode.c.h; name = Ed25519.h; path = ../../Classes/Ed25519.h; sourceTree = "<group>"; };
		B6EC0B0E197F652A0070F844 /* Ed25519.m */ = {isa = PBXFileReference; fileEncoding = 4; lastKnownFileType = sourcecode.c.objc; name = Ed25519.m; path = ../../Classes/Ed25519.m; sourceTree = "<group>"; };
/* End PBXFileReference section */

/* Begin PBXFrameworksBuildPhase section */
		B6EC0953197F559E0070F844 /* Frameworks */ = {
			isa = PBXFrameworksBuildPhase;
			buildActionMask = 2147483647;
			files = (
				B6EC095C197F559E0070F844 /* CoreGraphics.framework in Frameworks */,
				B6EC095E197F559E0070F844 /* UIKit.framework in Frameworks */,
				B6EC095A197F559E0070F844 /* Foundation.framework in Frameworks */,
			);
			runOnlyForDeploymentPostprocessing = 0;
		};
		B6EC096E197F559E0070F844 /* Frameworks */ = {
			isa = PBXFrameworksBuildPhase;
			buildActionMask = 2147483647;
			files = (
				B6EC0973197F559E0070F844 /* XCTest.framework in Frameworks */,
				B6EC0975197F559E0070F844 /* UIKit.framework in Frameworks */,
				B6EC0974197F559E0070F844 /* Foundation.framework in Frameworks */,
			);
			runOnlyForDeploymentPostprocessing = 0;
		};
/* End PBXFrameworksBuildPhase section */

/* Begin PBXGroup section */
		B65F599019823E95004D21C8 /* ed25519 */ = {
			isa = PBXGroup;
			children = (
				B65F599119823E95004D21C8 /* additions */,
				B65F599B19823E95004D21C8 /* api.h */,
				B65F599C19823E95004D21C8 /* base.h */,
				B65F599D19823E95004D21C8 /* base2.h */,
				B65F599E19823E95004D21C8 /* d.h */,
				B65F599F19823E95004D21C8 /* d2.h */,
				B65F59A019823E95004D21C8 /* fe.h */,
				B65F59A119823E95004D21C8 /* fe_0.c */,
				B65F59A219823E95004D21C8 /* fe_1.c */,
				B65F59A319823E95004D21C8 /* fe_add.c */,
				B65F59A419823E95004D21C8 /* fe_cmov.c */,
				B65F59A519823E95004D21C8 /* fe_copy.c */,
				B65F59A619823E95004D21C8 /* fe_frombytes.c */,
				B65F59A719823E95004D21C8 /* fe_invert.c */,
				B65F59A819823E95004D21C8 /* fe_isnegative.c */,
				B65F59A919823E95004D21C8 /* fe_isnonzero.c */,
				B65F59AA19823E95004D21C8 /* fe_mul.c */,
				B65F59AB19823E95004D21C8 /* fe_neg.c */,
				B65F59AC19823E95004D21C8 /* fe_pow22523.c */,
				B65F59AD19823E95004D21C8 /* fe_sq.c */,
				B65F59AE19823E95004D21C8 /* fe_sq2.c */,
				B65F59AF19823E95004D21C8 /* fe_sub.c */,
				B65F59B019823E95004D21C8 /* fe_tobytes.c */,
				B65F59B119823E95004D21C8 /* ge.h */,
				B65F59B219823E95004D21C8 /* ge_add.c */,
				B65F59B319823E95004D21C8 /* ge_add.h */,
				B65F59B419823E95004D21C8 /* ge_double_scalarmult.c */,
				B65F59B519823E95004D21C8 /* ge_frombytes.c */,
				B65F59B619823E95004D21C8 /* ge_madd.c */,
				B65F59B719823E95004D21C8 /* ge_madd.h */,
				B65F59B819823E95004D21C8 /* ge_msub.c */,
				B65F59B919823E95004D21C8 /* ge_msub.h */,
				B65F59BA19823E95004D21C8 /* ge_p1p1_to_p2.c */,
				B65F59BB19823E95004D21C8 /* ge_p1p1_to_p3.c */,
				B65F59BC19823E95004D21C8 /* ge_p2_0.c */,
				B65F59BD19823E95004D21C8 /* ge_p2_dbl.c */,
				B65F59BE19823E95004D21C8 /* ge_p2_dbl.h */,
				B65F59BF19823E95004D21C8 /* ge_p3_0.c */,
				B65F59C019823E95004D21C8 /* ge_p3_dbl.c */,
				B65F59C119823E95004D21C8 /* ge_p3_to_cached.c */,
				B65F59C219823E95004D21C8 /* ge_p3_to_p2.c */,
				B65F59C319823E95004D21C8 /* ge_p3_tobytes.c */,
				B65F59C419823E95004D21C8 /* ge_precomp_0.c */,
				B65F59C519823E95004D21C8 /* ge_scalarmult_base.c */,
				B65F59C619823E95004D21C8 /* ge_sub.c */,
				B65F59C719823E95004D21C8 /* ge_sub.h */,
				B65F59C819823E95004D21C8 /* ge_tobytes.c */,
				B65F59CB19823E95004D21C8 /* nacl_includes */,
				B65F59D419823E95004D21C8 /* open.c */,
				B65F59D519823E95004D21C8 /* pow22523.h */,
				B65F59D619823E95004D21C8 /* pow225521.h */,
				B65F59D719823E95004D21C8 /* sc.h */,
				B65F59D819823E95004D21C8 /* sc_muladd.c */,
				B65F59D919823E95004D21C8 /* sc_reduce.c */,
				B65F59DA19823E95004D21C8 /* sha512 */,
				B65F59E019823E95004D21C8 /* sign.c */,
				B65F59E119823E95004D21C8 /* sqrtm1.h */,
			);
			name = ed25519;
			path = ../../Sources/ed25519;
			sourceTree = "<group>";
		};
		B65F599119823E95004D21C8 /* additions */ = {
			isa = PBXGroup;
			children = (
				B65F599219823E95004D21C8 /* compare.c */,
				B65F599319823E95004D21C8 /* compare.h */,
				B65F599419823E95004D21C8 /* curve_sigs.c */,
				B65F599519823E95004D21C8 /* curve_sigs.h */,
				B65F599619823E95004D21C8 /* sha512.c */,
				B65F599719823E95004D21C8 /* sha512.h */,
				B65F599819823E95004D21C8 /* sign_modified.c */,
				B65F599919823E95004D21C8 /* zeroize.c */,
				B65F599A19823E95004D21C8 /* zeroize.h */,
			);
			path = additions;
			sourceTree = "<group>";
		};
		B65F59CB19823E95004D21C8 /* nacl_includes */ = {
			isa = PBXGroup;
			children = (
				B65F59CC19823E95004D21C8 /* crypto_hash_sha512.h */,
				B65F59CD19823E95004D21C8 /* crypto_int32.h */,
				B65F59CE19823E95004D21C8 /* crypto_int64.h */,
				B65F59CF19823E95004D21C8 /* crypto_sign.h */,
				B65F59D019823E95004D21C8 /* crypto_sign_edwards25519sha512batch.h */,
				B65F59D119823E95004D21C8 /* crypto_uint32.h */,
				B65F59D219823E95004D21C8 /* crypto_uint64.h */,
				B65F59D319823E95004D21C8 /* crypto_verify_32.h */,
			);
			path = nacl_includes;
			sourceTree = "<group>";
		};
		B65F59DA19823E95004D21C8 /* sha512 */ = {
			isa = PBXGroup;
			children = (
				B65F59DB19823E95004D21C8 /* LICENSE.txt */,
				B65F59DD19823E95004D21C8 /* sha2big.c */,
				B65F59DE19823E95004D21C8 /* sph_sha2.h */,
				B65F59DF19823E95004D21C8 /* sph_types.h */,
			);
			path = sha512;
			sourceTree = "<group>";
		};
		B6EC094D197F559E0070F844 = {
			isa = PBXGroup;
			children = (
				B6EC095F197F559E0070F844 /* BuildTests */,
				B6EC0978197F559E0070F844 /* BuildTestsTests */,
				B6EC0958197F559E0070F844 /* Frameworks */,
				B6EC0957197F559E0070F844 /* Products */,
			);
			sourceTree = "<group>";
		};
		B6EC0957197F559E0070F844 /* Products */ = {
			isa = PBXGroup;
			children = (
				B6EC0956197F559E0070F844 /* BuildTests.app */,
				B6EC0971197F559E0070F844 /* BuildTestsTests.xctest */,
			);
			name = Products;
			sourceTree = "<group>";
		};
		B6EC0958197F559E0070F844 /* Frameworks */ = {
			isa = PBXGroup;
			children = (
				B6EC0959197F559E0070F844 /* Foundation.framework */,
				B6EC095B197F559E0070F844 /* CoreGraphics.framework */,
				B6EC095D197F559E0070F844 /* UIKit.framework */,
				B6EC0972197F559E0070F844 /* XCTest.framework */,
			);
			name = Frameworks;
			sourceTree = "<group>";
		};
		B6EC095F197F559E0070F844 /* BuildTests */ = {
			isa = PBXGroup;
			children = (
				B6EC0A10197F5D090070F844 /* Classes */,
				B6EC0A0F197F5CFE0070F844 /* Source */,
				B6EC0968197F559E0070F844 /* AppDelegate.h */,
				B6EC0969197F559E0070F844 /* AppDelegate.m */,
				B6EC096B197F559E0070F844 /* Images.xcassets */,
				B6EC0960197F559E0070F844 /* Supporting Files */,
			);
			path = BuildTests;
			sourceTree = "<group>";
		};
		B6EC0960197F559E0070F844 /* Supporting Files */ = {
			isa = PBXGroup;
			children = (
				B6EC0961197F559E0070F844 /* BuildTests-Info.plist */,
				B6EC0962197F559E0070F844 /* InfoPlist.strings */,
				B6EC0965197F559E0070F844 /* main.m */,
				B6EC0967197F559E0070F844 /* BuildTests-Prefix.pch */,
			);
			name = "Supporting Files";
			sourceTree = "<group>";
		};
		B6EC0978197F559E0070F844 /* BuildTestsTests */ = {
			isa = PBXGroup;
			children = (
				B65F5A1119823F45004D21C8 /* SigningTests.m */,
				B6EC0979197F559E0070F844 /* Supporting Files */,
			);
			path = BuildTestsTests;
			sourceTree = "<group>";
		};
		B6EC0979197F559E0070F844 /* Supporting Files */ = {
			isa = PBXGroup;
			children = (
				B6EC097A197F559E0070F844 /* BuildTestsTests-Info.plist */,
				B6EC097B197F559E0070F844 /* InfoPlist.strings */,
			);
			name = "Supporting Files";
			sourceTree = "<group>";
		};
		B6EC0988197F55B90070F844 /* Curve25519 */ = {
			isa = PBXGroup;
			children = (
				B6EC0989197F55B90070F844 /* curve25519-donna.c */,
			);
			name = Curve25519;
			path = ../../Sources/Curve25519;
			sourceTree = "<group>";
		};
		B6EC0A0F197F5CFE0070F844 /* Source */ = {
			isa = PBXGroup;
			children = (
				B65F599019823E95004D21C8 /* ed25519 */,
				B6EC0988197F55B90070F844 /* Curve25519 */,
			);
			name = Source;
			sourceTree = "<group>";
		};
		B6EC0A10197F5D090070F844 /* Classes */ = {
			isa = PBXGroup;
			children = (
				B6EC0A09197F55E70070F844 /* Curve25519.h */,
				B6EC0A0A197F55E70070F844 /* Curve25519.m */,
				B6EC0B0D197F652A0070F844 /* Ed25519.h */,
				B6EC0B0E197F652A0070F844 /* Ed25519.m */,
				B6EC0A0C197F5B1E0070F844 /* Randomness.h */,
				B6EC0A0D197F5B1E0070F844 /* Randomness.m */,
			);
			name = Classes;
			sourceTree = "<group>";
		};
/* End PBXGroup section */

/* Begin PBXNativeTarget section */
		B6EC0955197F559E0070F844 /* BuildTests */ = {
			isa = PBXNativeTarget;
			buildConfigurationList = B6EC0982197F559E0070F844 /* Build configuration list for PBXNativeTarget "BuildTests" */;
			buildPhases = (
				B6EC0952197F559E0070F844 /* Sources */,
				B6EC0953197F559E0070F844 /* Frameworks */,
				B6EC0954197F559E0070F844 /* Resources */,
			);
			buildRules = (
			);
			dependencies = (
			);
			name = BuildTests;
			productName = BuildTests;
			productReference = B6EC0956197F559E0070F844 /* BuildTests.app */;
			productType = "com.apple.product-type.application";
		};
		B6EC0970197F559E0070F844 /* BuildTestsTests */ = {
			isa = PBXNativeTarget;
			buildConfigurationList = B6EC0985197F559E0070F844 /* Build configuration list for PBXNativeTarget "BuildTestsTests" */;
			buildPhases = (
				B6EC096D197F559E0070F844 /* Sources */,
				B6EC096E197F559E0070F844 /* Frameworks */,
				B6EC096F197F559E0070F844 /* Resources */,
			);
			buildRules = (
			);
			dependencies = (
				B6EC0977197F559E0070F844 /* PBXTargetDependency */,
			);
			name = BuildTestsTests;
			productName = BuildTestsTests;
			productReference = B6EC0971197F559E0070F844 /* BuildTestsTests.xctest */;
			productType = "com.apple.product-type.bundle.unit-test";
		};
/* End PBXNativeTarget section */

/* Begin PBXProject section */
		B6EC094E197F559E0070F844 /* Project object */ = {
			isa = PBXProject;
			attributes = {
				LastUpgradeCheck = 0510;
				ORGANIZATIONNAME = "Open Whisper Systems";
				TargetAttributes = {
					B6EC0970197F559E0070F844 = {
						TestTargetID = B6EC0955197F559E0070F844;
					};
				};
			};
			buildConfigurationList = B6EC0951197F559E0070F844 /* Build configuration list for PBXProject "BuildTests" */;
			compatibilityVersion = "Xcode 3.2";
			developmentRegion = English;
			hasScannedForEncodings = 0;
			knownRegions = (
				en,
			);
			mainGroup = B6EC094D197F559E0070F844;
			productRefGroup = B6EC0957197F559E0070F844 /* Products */;
			projectDirPath = "";
			projectRoot = "";
			targets = (
				B6EC0955197F559E0070F844 /* BuildTests */,
				B6EC0970197F559E0070F844 /* BuildTestsTests */,
			);
		};
/* End PBXProject section */

/* Begin PBXResourcesBuildPhase section */
		B6EC0954197F559E0070F844 /* Resources */ = {
			isa = PBXResourcesBuildPhase;
			buildActionMask = 2147483647;
			files = (
				B65F5A0D19823E95004D21C8 /* LICENSE.txt in Resources */,
				B6EC0964197F559E0070F844 /* InfoPlist.strings in Resources */,
				B6EC096C197F559E0070F844 /* Images.xcassets in Resources */,
			);
			runOnlyForDeploymentPostprocessing = 0;
		};
		B6EC096F197F559E0070F844 /* Resources */ = {
			isa = PBXResourcesBuildPhase;
			buildActionMask = 2147483647;
			files = (
				B6EC097D197F559E0070F844 /* InfoPlist.strings in Resources */,
			);
			runOnlyForDeploymentPostprocessing = 0;
		};
/* End PBXResourcesBuildPhase section */

/* Begin PBXSourcesBuildPhase section */
		B6EC0952197F559E0070F844 /* Sources */ = {
			isa = PBXSourcesBuildPhase;
			buildActionMask = 2147483647;
			files = (
				B65F5A1019823E95004D21C8 /* sign.c in Sources */,
				B65F59E919823E95004D21C8 /* fe_add.c in Sources */,
				B65F59F119823E95004D21C8 /* fe_neg.c in Sources */,
				B65F59E819823E95004D21C8 /* fe_1.c in Sources */,
				B65F59FD19823E95004D21C8 /* ge_p1p1_to_p3.c in Sources */,
				B65F59F419823E95004D21C8 /* fe_sq2.c in Sources */,
				B6EC0A0E197F5B1E0070F844 /* Randomness.m in Sources */,
				B65F59E719823E95004D21C8 /* fe_0.c in Sources */,
				B65F5A0219823E95004D21C8 /* ge_p3_to_cached.c in Sources */,
				B65F5A0619823E95004D21C8 /* ge_scalarmult_base.c in Sources */,
				B65F5A0A19823E95004D21C8 /* open.c in Sources */,
				B65F59EF19823E95004D21C8 /* fe_isnonzero.c in Sources */,
				B65F59F519823E95004D21C8 /* fe_sub.c in Sources */,
				B65F59F319823E95004D21C8 /* fe_sq.c in Sources */,
				B6EC096A197F559E0070F844 /* AppDelegate.m in Sources */,
				B6EC0966197F559E0070F844 /* main.m in Sources */,
				B65F5A0F19823E95004D21C8 /* sha2big.c in Sources */,
				B65F5A0719823E95004D21C8 /* ge_sub.c in Sources */,
				B65F59E619823E95004D21C8 /* zeroize.c in Sources */,
				B6EC09DA197F55B90070F844 /* curve25519-donna.c in Sources */,
				B65F5A0519823E95004D21C8 /* ge_precomp_0.c in Sources */,
				B65F5A0819823E95004D21C8 /* ge_tobytes.c in Sources */,
				B65F59F619823E95004D21C8 /* fe_tobytes.c in Sources */,
				B65F59FE19823E95004D21C8 /* ge_p2_0.c in Sources */,
				B65F59E419823E95004D21C8 /* sha512.c in Sources */,
				B65F5A0B19823E95004D21C8 /* sc_muladd.c in Sources */,
				B65F59EA19823E95004D21C8 /* fe_cmov.c in Sources */,
				B65F59F019823E95004D21C8 /* fe_mul.c in Sources */,
				B65F59F719823E95004D21C8 /* ge_add.c in Sources */,
				B65F59E219823E95004D21C8 /* compare.c in Sources */,
				B65F59F919823E95004D21C8 /* ge_frombytes.c in Sources */,
				B65F59F219823E95004D21C8 /* fe_pow22523.c in Sources */,
				B65F59EC19823E95004D21C8 /* fe_frombytes.c in Sources */,
				B65F59ED19823E95004D21C8 /* fe_invert.c in Sources */,
				B65F59F819823E95004D21C8 /* ge_double_scalarmult.c in Sources */,
				B65F59FC19823E95004D21C8 /* ge_p1p1_to_p2.c in Sources */,
				B6EC0B0F197F652A0070F844 /* Ed25519.m in Sources */,
				B65F59EE19823E95004D21C8 /* fe_isnegative.c in Sources */,
				B6EC0A0B197F55E70070F844 /* Curve25519.m in Sources */,
				B65F5A0019823E95004D21C8 /* ge_p3_0.c in Sources */,
				B65F5A0119823E95004D21C8 /* ge_p3_dbl.c in Sources */,
				B65F59FA19823E95004D21C8 /* ge_madd.c in Sources */,
				B65F59FB19823E95004D21C8 /* ge_msub.c in Sources */,
				B65F59E319823E95004D21C8 /* curve_sigs.c in Sources */,
				B65F5A0C19823E95004D21C8 /* sc_reduce.c in Sources */,
				B65F59E519823E95004D21C8 /* sign_modified.c in Sources */,
				B65F59FF19823E95004D21C8 /* ge_p2_dbl.c in Sources */,
				B65F5A0419823E95004D21C8 /* ge_p3_tobytes.c in Sources */,
				B65F59EB19823E95004D21C8 /* fe_copy.c in Sources */,
				B65F5A0319823E95004D21C8 /* ge_p3_to_p2.c in Sources */,
			);
			runOnlyForDeploymentPostprocessing = 0;
		};
		B6EC096D197F559E0070F844 /* Sources */ = {
			isa = PBXSourcesBuildPhase;
			buildActionMask = 2147483647;
			files = (
				B65F5A1219823F45004D21C8 /* SigningTests.m in Sources */,
			);
			runOnlyForDeploymentPostprocessing = 0;
		};
/* End PBXSourcesBuildPhase section */

/* Begin PBXTargetDependency section */
		B6EC0977197F559E0070F844 /* PBXTargetDependency */ = {
			isa = PBXTargetDependency;
			target = B6EC0955197F559E0070F844 /* BuildTests */;
			targetProxy = B6EC0976197F559E0070F844 /* PBXContainerItemProxy */;
		};
/* End PBXTargetDependency section */

/* Begin PBXVariantGroup section */
		B6EC0962197F559E0070F844 /* InfoPlist.strings */ = {
			isa = PBXVariantGroup;
			children = (
				B6EC0963197F559E0070F844 /* en */,
			);
			name = InfoPlist.strings;
			sourceTree = "<group>";
		};
		B6EC097B197F559E0070F844 /* InfoPlist.strings */ = {
			isa = PBXVariantGroup;
			children = (
				B6EC097C197F559E0070F844 /* en */,
			);
			name = InfoPlist.strings;
			sourceTree = "<group>";
		};
/* End PBXVariantGroup section */

/* Begin XCBuildConfiguration section */
		B6EC0980197F559E0070F844 /* Debug */ = {
			isa = XCBuildConfiguration;
			buildSettings = {
				ALWAYS_SEARCH_USER_PATHS = NO;
				CLANG_CXX_LANGUAGE_STANDARD = "gnu++0x";
				CLANG_CXX_LIBRARY = "libc++";
				CLANG_ENABLE_MODULES = YES;
				CLANG_ENABLE_OBJC_ARC = YES;
				CLANG_WARN_BOOL_CONVERSION = YES;
				CLANG_WARN_CONSTANT_CONVERSION = YES;
				CLANG_WARN_DIRECT_OBJC_ISA_USAGE = YES_ERROR;
				CLANG_WARN_EMPTY_BODY = YES;
				CLANG_WARN_ENUM_CONVERSION = YES;
				CLANG_WARN_INT_CONVERSION = YES;
				CLANG_WARN_OBJC_ROOT_CLASS = YES_ERROR;
				CLANG_WARN__DUPLICATE_METHOD_MATCH = YES;
				"CODE_SIGN_IDENTITY[sdk=iphoneos*]" = "";
				COPY_PHASE_STRIP = NO;
				GCC_C_LANGUAGE_STANDARD = gnu99;
				GCC_DYNAMIC_NO_PIC = NO;
				GCC_OPTIMIZATION_LEVEL = 0;
				GCC_PREPROCESSOR_DEFINITIONS = (
					"DEBUG=1",
					"$(inherited)",
				);
				GCC_SYMBOLS_PRIVATE_EXTERN = NO;
				GCC_WARN_64_TO_32_BIT_CONVERSION = YES;
				GCC_WARN_ABOUT_RETURN_TYPE = YES_ERROR;
				GCC_WARN_UNDECLARED_SELECTOR = YES;
				GCC_WARN_UNINITIALIZED_AUTOS = YES_AGGRESSIVE;
				GCC_WARN_UNUSED_FUNCTION = YES;
				GCC_WARN_UNUSED_VARIABLE = YES;
				IPHONEOS_DEPLOYMENT_TARGET = 7.1;
				ONLY_ACTIVE_ARCH = YES;
				OTHER_CFLAGS = (
					"-Ied25519/sha512",
					"-Ied25519",
					"-Ied25519/nacl_includes",
				);
				SDKROOT = iphoneos;
				TARGETED_DEVICE_FAMILY = "1,2";
			};
			name = Debug;
		};
		B6EC0981197F559E0070F844 /* Release */ = {
			isa = XCBuildConfiguration;
			buildSettings = {
				ALWAYS_SEARCH_USER_PATHS = NO;
				CLANG_CXX_LANGUAGE_STANDARD = "gnu++0x";
				CLANG_CXX_LIBRARY = "libc++";
				CLANG_ENABLE_MODULES = YES;
				CLANG_ENABLE_OBJC_ARC = YES;
				CLANG_WARN_BOOL_CONVERSION = YES;
				CLANG_WARN_CONSTANT_CONVERSION = YES;
				CLANG_WARN_DIRECT_OBJC_ISA_USAGE = YES_ERROR;
				CLANG_WARN_EMPTY_BODY = YES;
				CLANG_WARN_ENUM_CONVERSION = YES;
				CLANG_WARN_INT_CONVERSION = YES;
				CLANG_WARN_OBJC_ROOT_CLASS = YES_ERROR;
				CLANG_WARN__DUPLICATE_METHOD_MATCH = YES;
				"CODE_SIGN_IDENTITY[sdk=iphoneos*]" = "";
				COPY_PHASE_STRIP = YES;
				ENABLE_NS_ASSERTIONS = NO;
				GCC_C_LANGUAGE_STANDARD = gnu99;
				GCC_WARN_64_TO_32_BIT_CONVERSION = YES;
				GCC_WARN_ABOUT_RETURN_TYPE = YES_ERROR;
				GCC_WARN_UNDECLARED_SELECTOR = YES;
				GCC_WARN_UNINITIALIZED_AUTOS = YES_AGGRESSIVE;
				GCC_WARN_UNUSED_FUNCTION = YES;
				GCC_WARN_UNUSED_VARIABLE = YES;
				IPHONEOS_DEPLOYMENT_TARGET = 7.1;
				OTHER_CFLAGS = (
					"-Ied25519/sha512",
					"-Ied25519",
					"-Ied25519/nacl_includes",
				);
				SDKROOT = iphoneos;
				TARGETED_DEVICE_FAMILY = "1,2";
				VALIDATE_PRODUCT = YES;
			};
			name = Release;
		};
		B6EC0983197F559E0070F844 /* Debug */ = {
			isa = XCBuildConfiguration;
			buildSettings = {
				ASSETCATALOG_COMPILER_APPICON_NAME = AppIcon;
				ASSETCATALOG_COMPILER_LAUNCHIMAGE_NAME = LaunchImage;
				GCC_PRECOMPILE_PREFIX_HEADER = YES;
				GCC_PREFIX_HEADER = "BuildTests/BuildTests-Prefix.pch";
				INFOPLIST_FILE = "BuildTests/BuildTests-Info.plist";
				PRODUCT_NAME = "$(TARGET_NAME)";
				WRAPPER_EXTENSION = app;
			};
			name = Debug;
		};
		B6EC0984197F559E0070F844 /* Release */ = {
			isa = XCBuildConfiguration;
			buildSettings = {
				ASSETCATALOG_COMPILER_APPICON_NAME = AppIcon;
				ASSETCATALOG_COMPILER_LAUNCHIMAGE_NAME = LaunchImage;
				GCC_PRECOMPILE_PREFIX_HEADER = YES;
				GCC_PREFIX_HEADER = "BuildTests/BuildTests-Prefix.pch";
				INFOPLIST_FILE = "BuildTests/BuildTests-Info.plist";
				PRODUCT_NAME = "$(TARGET_NAME)";
				WRAPPER_EXTENSION = app;
			};
			name = Release;
		};
		B6EC0986197F559E0070F844 /* Debug */ = {
			isa = XCBuildConfiguration;
			buildSettings = {
				BUNDLE_LOADER = "$(BUILT_PRODUCTS_DIR)/BuildTests.app/BuildTests";
				FRAMEWORK_SEARCH_PATHS = (
					"$(SDKROOT)/Developer/Library/Frameworks",
					"$(inherited)",
					"$(DEVELOPER_FRAMEWORKS_DIR)",
				);
				GCC_PRECOMPILE_PREFIX_HEADER = YES;
				GCC_PREFIX_HEADER = "BuildTests/BuildTests-Prefix.pch";
				GCC_PREPROCESSOR_DEFINITIONS = (
					"DEBUG=1",
					"$(inherited)",
				);
				INFOPLIST_FILE = "BuildTestsTests/BuildTestsTests-Info.plist";
				PRODUCT_NAME = "$(TARGET_NAME)";
				TEST_HOST = "$(BUNDLE_LOADER)";
				WRAPPER_EXTENSION = xctest;
			};
			name = Debug;
		};
		B6EC0987197F559E0070F844 /* Release */ = {
			isa = XCBuildConfiguration;
			buildSettings = {
				BUNDLE_LOADER = "$(BUILT_PRODUCTS_DIR)/BuildTests.app/BuildTests";
				FRAMEWORK_SEARCH_PATHS = (
					"$(SDKROOT)/Developer/Library/Frameworks",
					"$(inherited)",
					"$(DEVELOPER_FRAMEWORKS_DIR)",
				);
				GCC_PRECOMPILE_PREFIX_HEADER = YES;
				GCC_PREFIX_HEADER = "BuildTests/BuildTests-Prefix.pch";
				INFOPLIST_FILE = "BuildTestsTests/BuildTestsTests-Info.plist";
				PRODUCT_NAME = "$(TARGET_NAME)";
				TEST_HOST = "$(BUNDLE_LOADER)";
				WRAPPER_EXTENSION = xctest;
			};
			name = Release;
		};
/* End XCBuildConfiguration section */

/* Begin XCConfigurationList section */
		B6EC0951197F559E0070F844 /* Build configuration list for PBXProject "BuildTests" */ = {
			isa = XCConfigurationList;
			buildConfigurations = (
				B6EC0980197F559E0070F844 /* Debug */,
				B6EC0981197F559E0070F844 /* Release */,
			);
			defaultConfigurationIsVisible = 0;
			defaultConfigurationName = Release;
		};
		B6EC0982197F559E0070F844 /* Build configuration list for PBXNativeTarget "BuildTests" */ = {
			isa = XCConfigurationList;
			buildConfigurations = (
				B6EC0983197F559E0070F844 /* Debug */,
				B6EC0984197F559E0070F844 /* Release */,
			);
			defaultConfigurationIsVisible = 0;
			defaultConfigurationName = Release;
		};
		B6EC0985197F559E0070F844 /* Build configuration list for PBXNativeTarget "BuildTestsTests" */ = {
			isa = XCConfigurationList;
			buildConfigurations = (
				B6EC0986197F559E0070F844 /* Debug */,
				B6EC0987197F559E0070F844 /* Release */,
			);
			defaultConfigurationIsVisible = 0;
			defaultConfigurationName = Release;
		};
/* End XCConfigurationList section */
	};
	rootObject = B6EC094E197F559E0070F844 /* Project object */;
}
